
Microsoft Visual Studio Solution File, Format Version 12.00
# Visual Studio Version 16
VisualStudioVersion = 16.0.31019.35
MinimumVisualStudioVersion = 10.0.40219.1
Project("{FAE04EC0-301F-11D3-BF4B-00C04F79EFBC}") = "FinishProject", "FinishProject\FinishProject.csproj", "{BB8E9406-3300-4265-8F4D-5E7D8A96DD52}"
EndProject
Global
	GlobalSection(SolutionConfigurationPlatforms) = preSolution
		Debug|Any CPU = Debug|Any CPU
		Release|Any CPU = Release|Any CPU
	EndGlobalSection
	GlobalSection(ProjectConfigurationPlatforms) = postSolution
		{BB8E9406-3300-4265-8F4D-5E7D8A96DD52}.Debug|Any CPU.ActiveCfg = Debug|Any CPU
		{BB8E9406-3300-4265-8F4D-5E7D8A96DD52}.Debug|Any CPU.Build.0 = Debug|Any CPU
		{BB8E9406-3300-4265-8F4D-5E7D8A96DD52}.Release|Any CPU.ActiveCfg = Release|Any CPU
		{BB8E9406-3300-4265-8F4D-5E7D8A96DD52}.Release|Any CPU.Build.0 = Release|Any CPU
	EndGlobalSection
	GlobalSection(SolutionProperties) = preSolution
		HideSolutionNode = FALSE
	EndGlobalSection
	GlobalSection(ExtensibilityGlobals) = postSolution
		SolutionGuid = {16DBDBA5-8F6D-4D7E-A3D2-2C970AC5FDB7}
	EndGlobalSection
EndGlobal
